
Microsoft Visual Studio Solution File, Format Version 12.00
# Visual Studio Version 17
VisualStudioVersion = 17.9.34723.18
MinimumVisualStudioVersion = 10.0.40219.1
Project("{9A19103F-16F7-4668-BE54-9A1E7A4F7556}") = "Workout.Web", "Workout.Web\Workout.Web.csproj", "{A99ABA58-9505-4258-8CDC-3C4C883003CF}"
EndProject
Project("{9A19103F-16F7-4668-BE54-9A1E7A4F7556}") = "Workout.Domain", "Workout.Domain\Workout.Domain.csproj", "{F3724B5D-5B48-4B3B-987F-EFA216175379}"
EndProject
Project("{9A19103F-16F7-4668-BE54-9A1E7A4F7556}") = "Workout.Application", "Workout.Application\Workout.Application.csproj", "{C56EABAC-E3D9-46CD-82DB-A6E0B2F4CBFB}"
EndProject
Project("{9A19103F-16F7-4668-BE54-9A1E7A4F7556}") = "Workout.Infrastructure", "Workout.Infrastructure\Workout.Infrastructure.csproj", "{37FC040D-EF6F-426C-B53C-7CFACEEDB71E}"
EndProject
Global
	GlobalSection(SolutionConfigurationPlatforms) = preSolution
		Debug|Any CPU = Debug|Any CPU
		Release|Any CPU = Release|Any CPU
	EndGlobalSection
	GlobalSection(ProjectConfigurationPlatforms) = postSolution
		{A99ABA58-9505-4258-8CDC-3C4C883003CF}.Debug|Any CPU.ActiveCfg = Debug|Any CPU
		{A99ABA58-9505-4258-8CDC-3C4C883003CF}.Debug|Any CPU.Build.0 = Debug|Any CPU
		{A99ABA58-9505-4258-8CDC-3C4C883003CF}.Release|Any CPU.ActiveCfg = Release|Any CPU
		{A99ABA58-9505-4258-8CDC-3C4C883003CF}.Release|Any CPU.Build.0 = Release|Any CPU
		{F3724B5D-5B48-4B3B-987F-EFA216175379}.Debug|Any CPU.ActiveCfg = Debug|Any CPU
		{F3724B5D-5B48-4B3B-987F-EFA216175379}.Debug|Any CPU.Build.0 = Debug|Any CPU
		{F3724B5D-5B48-4B3B-987F-EFA216175379}.Release|Any CPU.ActiveCfg = Release|Any CPU
		{F3724B5D-5B48-4B3B-987F-EFA216175379}.Release|Any CPU.Build.0 = Release|Any CPU
		{C56EABAC-E3D9-46CD-82DB-A6E0B2F4CBFB}.Debug|Any CPU.ActiveCfg = Debug|Any CPU
		{C56EABAC-E3D9-46CD-82DB-A6E0B2F4CBFB}.Debug|Any CPU.Build.0 = Debug|Any CPU
		{C56EABAC-E3D9-46CD-82DB-A6E0B2F4CBFB}.Release|Any CPU.ActiveCfg = Release|Any CPU
		{C56EABAC-E3D9-46CD-82DB-A6E0B2F4CBFB}.Release|Any CPU.Build.0 = Release|Any CPU
		{37FC040D-EF6F-426C-B53C-7CFACEEDB71E}.Debug|Any CPU.ActiveCfg = Debug|Any CPU
		{37FC040D-EF6F-426C-B53C-7CFACEEDB71E}.Debug|Any CPU.Build.0 = Debug|Any CPU
		{37FC040D-EF6F-426C-B53C-7CFACEEDB71E}.Release|Any CPU.ActiveCfg = Release|Any CPU
		{37FC040D-EF6F-426C-B53C-7CFACEEDB71E}.Release|Any CPU.Build.0 = Release|Any CPU
	EndGlobalSection
	GlobalSection(SolutionProperties) = preSolution
		HideSolutionNode = FALSE
	EndGlobalSection
	GlobalSection(ExtensibilityGlobals) = postSolution
		SolutionGuid = {5A990354-4DFD-45F6-958B-3A6AE13E6B67}
	EndGlobalSection
EndGlobal
